
Microsoft Visual Studio Solution File, Format Version 12.00
Project("{FAE04EC0-301F-11D3-BF4B-00C04F79EFBC}") = "ProgettoScuola", "ProgettoScuola\ProgettoScuola.csproj", "{B651CDC8-0487-42B3-887E-AEFFB5A742DE}"
EndProject
Global
	GlobalSection(SolutionConfigurationPlatforms) = preSolution
		Debug|Any CPU = Debug|Any CPU
		Release|Any CPU = Release|Any CPU
	EndGlobalSection
	GlobalSection(ProjectConfigurationPlatforms) = postSolution
		{B651CDC8-0487-42B3-887E-AEFFB5A742DE}.Debug|Any CPU.ActiveCfg = Debug|Any CPU
		{B651CDC8-0487-42B3-887E-AEFFB5A742DE}.Debug|Any CPU.Build.0 = Debug|Any CPU
		{B651CDC8-0487-42B3-887E-AEFFB5A742DE}.Release|Any CPU.ActiveCfg = Release|Any CPU
		{B651CDC8-0487-42B3-887E-AEFFB5A742DE}.Release|Any CPU.Build.0 = Release|Any CPU
	EndGlobalSection
EndGlobal
